
Microsoft Visual Studio Solution File, Format Version 12.00
# Visual Studio Version 16
VisualStudioVersion = 16.0.29920.165
MinimumVisualStudioVersion = 10.0.40219.1
Project("{2150E333-8FDC-42A3-9474-1A3956D46DE8}") = "Services", "Services", "{04569645-FA0D-47F6-A5DD-6A823F2EE304}"
EndProject
Project("{2150E333-8FDC-42A3-9474-1A3956D46DE8}") = "Catalog", "Catalog", "{D80E3A06-9233-410F-A219-3C6C9B4A35F4}"
EndProject
Project("{9A19103F-16F7-4668-BE54-9A1E7A4F7556}") = "Catalog.API", "Services\Catalog\Catalog.API\Catalog.API.csproj", "{5DF96119-3F47-434C-B1D8-8CEFA05B704A}"
EndProject
Project("{E53339B2-1760-4266-BCC7-CA923CBCF16C}") = "docker-compose", "docker-compose.dcproj", "{407C1AA8-D62F-4157-8B7D-C03BF476B54A}"
EndProject
Project("{2150E333-8FDC-42A3-9474-1A3956D46DE8}") = "Basket", "Basket", "{56E2E2F9-B2BF-49F6-BE34-F96050E4CA6B}"
EndProject
Project("{9A19103F-16F7-4668-BE54-9A1E7A4F7556}") = "Basket.API", "Services\Basket\Basket.API\Basket.API.csproj", "{9E508E66-D705-4774-A77D-31A5F22905F7}"
EndProject
Project("{2150E333-8FDC-42A3-9474-1A3956D46DE8}") = "Discount", "Discount", "{B5530DCE-6E82-4D59-AFCE-4068E2D13FB0}"
EndProject
Project("{9A19103F-16F7-4668-BE54-9A1E7A4F7556}") = "Discount.API", "Services\Discount\Discount.API\Discount.API.csproj", "{78BDA076-A6B8-4B05-841A-6C6880265AEA}"
EndProject
Project("{9A19103F-16F7-4668-BE54-9A1E7A4F7556}") = "Discount.Grpc", "Services\Discount\Discount.Grpc\Discount.Grpc.csproj", "{7F7D7262-DEE4-4FFB-92D9-EA28ADBBDE7A}"
EndProject
Project("{2150E333-8FDC-42A3-9474-1A3956D46DE8}") = "Ordering", "Ordering", "{7E2C5719-4890-44C9-8511-29FE8A2094EA}"
EndProject
Project("{9A19103F-16F7-4668-BE54-9A1E7A4F7556}") = "Ordering.API", "Services\Ordering\Ordering.API\Ordering.API.csproj", "{ABC0E7F5-B874-45E7-82FC-8563CBEC9A20}"
EndProject
Project("{9A19103F-16F7-4668-BE54-9A1E7A4F7556}") = "Ordering.Domain", "Services\Ordering\Ordering.Domain\Ordering.Domain.csproj", "{5679DC90-DD98-4B60-B232-9D5DB9CD2964}"
EndProject
Project("{9A19103F-16F7-4668-BE54-9A1E7A4F7556}") = "Ordering.Application", "Services\Ordering\Ordering.Application\Ordering.Application.csproj", "{DCDC0D86-6F65-4E4D-9203-B77A02CEDC2A}"
EndProject
Project("{9A19103F-16F7-4668-BE54-9A1E7A4F7556}") = "Ordering.Infrastructure", "Services\Ordering\Ordering.Infrastructure\Ordering.Infrastructure.csproj", "{942E4A16-5FD4-4652-AE26-C18CFA92E49E}"
EndProject
Project("{2150E333-8FDC-42A3-9474-1A3956D46DE8}") = "BuildingBlocks", "BuildingBlocks", "{964BBB71-32D3-4A52-A823-1A0C06F366BD}"
EndProject
Project("{9A19103F-16F7-4668-BE54-9A1E7A4F7556}") = "EventBus.Messages", "BuildingBlocks\EventBus.Messages\EventBus.Messages.csproj", "{AE439B38-145B-4408-AC38-6708959EAD1C}"
EndProject
Project("{2150E333-8FDC-42A3-9474-1A3956D46DE8}") = "ApiGateways", "ApiGateways", "{AF8CBEEC-C2D8-4A56-A408-041808FCC952}"
	ProjectSection(SolutionItems) = preProject
		readme.md = readme.md
	EndProjectSection
EndProject
Project("{9A19103F-16F7-4668-BE54-9A1E7A4F7556}") = "ocelotApiGw", "ApiGateways\ocelotApiGw\ocelotApiGw.csproj", "{F15B1DC7-AFD1-4ECD-8914-180B9B7CA210}"
EndProject
Project("{9A19103F-16F7-4668-BE54-9A1E7A4F7556}") = "Shopping.Aggregator", "ApiGateways\Shopping.Aggregator\Shopping.Aggregator.csproj", "{45A48A00-05B2-47DC-BE1C-E49B14535A5E}"
EndProject
Project("{2150E333-8FDC-42A3-9474-1A3956D46DE8}") = "WebApps", "WebApps", "{F948F47D-55E3-49A7-875C-2256DC3D0FAC}"
EndProject
Project("{9A19103F-16F7-4668-BE54-9A1E7A4F7556}") = "AspnetRunBasics", "WebApps\WebUi\AspnetRunBasics.csproj", "{B9B59C53-E063-4D39-B454-F853474888E5}"
EndProject
Project("{FAE04EC0-301F-11D3-BF4B-00C04F79EFBC}") = "Common.Logging", "BuildingBlocks\Common.Logging\Common.Logging.csproj", "{65FBC1B4-2BAA-4E67-BEDF-4C57F393864B}"
EndProject
Global
	GlobalSection(SolutionConfigurationPlatforms) = preSolution
		Debug|Any CPU = Debug|Any CPU
		Release|Any CPU = Release|Any CPU
	EndGlobalSection
	GlobalSection(ProjectConfigurationPlatforms) = postSolution
		{5DF96119-3F47-434C-B1D8-8CEFA05B704A}.Debug|Any CPU.ActiveCfg = Debug|Any CPU
		{5DF96119-3F47-434C-B1D8-8CEFA05B704A}.Debug|Any CPU.Build.0 = Debug|Any CPU
		{5DF96119-3F47-434C-B1D8-8CEFA05B704A}.Release|Any CPU.ActiveCfg = Release|Any CPU
		{5DF96119-3F47-434C-B1D8-8CEFA05B704A}.Release|Any CPU.Build.0 = Release|Any CPU
		{407C1AA8-D62F-4157-8B7D-C03BF476B54A}.Debug|Any CPU.ActiveCfg = Debug|Any CPU
		{407C1AA8-D62F-4157-8B7D-C03BF476B54A}.Debug|Any CPU.Build.0 = Debug|Any CPU
		{407C1AA8-D62F-4157-8B7D-C03BF476B54A}.Release|Any CPU.ActiveCfg = Release|Any CPU
		{407C1AA8-D62F-4157-8B7D-C03BF476B54A}.Release|Any CPU.Build.0 = Release|Any CPU
		{9E508E66-D705-4774-A77D-31A5F22905F7}.Debug|Any CPU.ActiveCfg = Debug|Any CPU
		{9E508E66-D705-4774-A77D-31A5F22905F7}.Debug|Any CPU.Build.0 = Debug|Any CPU
		{9E508E66-D705-4774-A77D-31A5F22905F7}.Release|Any CPU.ActiveCfg = Release|Any CPU
		{9E508E66-D705-4774-A77D-31A5F22905F7}.Release|Any CPU.Build.0 = Release|Any CPU
		{78BDA076-A6B8-4B05-841A-6C6880265AEA}.Debug|Any CPU.ActiveCfg = Debug|Any CPU
		{78BDA076-A6B8-4B05-841A-6C6880265AEA}.Debug|Any CPU.Build.0 = Debug|Any CPU
		{78BDA076-A6B8-4B05-841A-6C6880265AEA}.Release|Any CPU.ActiveCfg = Release|Any CPU
		{78BDA076-A6B8-4B05-841A-6C6880265AEA}.Release|Any CPU.Build.0 = Release|Any CPU
		{7F7D7262-DEE4-4FFB-92D9-EA28ADBBDE7A}.Debug|Any CPU.ActiveCfg = Debug|Any CPU
		{7F7D7262-DEE4-4FFB-92D9-EA28ADBBDE7A}.Debug|Any CPU.Build.0 = Debug|Any CPU
		{7F7D7262-DEE4-4FFB-92D9-EA28ADBBDE7A}.Release|Any CPU.ActiveCfg = Release|Any CPU
		{7F7D7262-DEE4-4FFB-92D9-EA28ADBBDE7A}.Release|Any CPU.Build.0 = Release|Any CPU
		{ABC0E7F5-B874-45E7-82FC-8563CBEC9A20}.Debug|Any CPU.ActiveCfg = Debug|Any CPU
		{ABC0E7F5-B874-45E7-82FC-8563CBEC9A20}.Debug|Any CPU.Build.0 = Debug|Any CPU
		{ABC0E7F5-B874-45E7-82FC-8563CBEC9A20}.Release|Any CPU.ActiveCfg = Release|Any CPU
		{ABC0E7F5-B874-45E7-82FC-8563CBEC9A20}.Release|Any CPU.Build.0 = Release|Any CPU
		{5679DC90-DD98-4B60-B232-9D5DB9CD2964}.Debug|Any CPU.ActiveCfg = Debug|Any CPU
		{5679DC90-DD98-4B60-B232-9D5DB9CD2964}.Debug|Any CPU.Build.0 = Debug|Any CPU
		{5679DC90-DD98-4B60-B232-9D5DB9CD2964}.Release|Any CPU.ActiveCfg = Release|Any CPU
		{5679DC90-DD98-4B60-B232-9D5DB9CD2964}.Release|Any CPU.Build.0 = Release|Any CPU
		{DCDC0D86-6F65-4E4D-9203-B77A02CEDC2A}.Debug|Any CPU.ActiveCfg = Debug|Any CPU
		{DCDC0D86-6F65-4E4D-9203-B77A02CEDC2A}.Debug|Any CPU.Build.0 = Debug|Any CPU
		{DCDC0D86-6F65-4E4D-9203-B77A02CEDC2A}.Release|Any CPU.ActiveCfg = Release|Any CPU
		{DCDC0D86-6F65-4E4D-9203-B77A02CEDC2A}.Release|Any CPU.Build.0 = Release|Any CPU
		{942E4A16-5FD4-4652-AE26-C18CFA92E49E}.Debug|Any CPU.ActiveCfg = Debug|Any CPU
		{942E4A16-5FD4-4652-AE26-C18CFA92E49E}.Debug|Any CPU.Build.0 = Debug|Any CPU
		{942E4A16-5FD4-4652-AE26-C18CFA92E49E}.Release|Any CPU.ActiveCfg = Release|Any CPU
		{942E4A16-5FD4-4652-AE26-C18CFA92E49E}.Release|Any CPU.Build.0 = Release|Any CPU
		{AE439B38-145B-4408-AC38-6708959EAD1C}.Debug|Any CPU.ActiveCfg = Debug|Any CPU
		{AE439B38-145B-4408-AC38-6708959EAD1C}.Debug|Any CPU.Build.0 = Debug|Any CPU
		{AE439B38-145B-4408-AC38-6708959EAD1C}.Release|Any CPU.ActiveCfg = Release|Any CPU
		{AE439B38-145B-4408-AC38-6708959EAD1C}.Release|Any CPU.Build.0 = Release|Any CPU
		{F15B1DC7-AFD1-4ECD-8914-180B9B7CA210}.Debug|Any CPU.ActiveCfg = Debug|Any CPU
		{F15B1DC7-AFD1-4ECD-8914-180B9B7CA210}.Debug|Any CPU.Build.0 = Debug|Any CPU
		{F15B1DC7-AFD1-4ECD-8914-180B9B7CA210}.Release|Any CPU.ActiveCfg = Release|Any CPU
		{F15B1DC7-AFD1-4ECD-8914-180B9B7CA210}.Release|Any CPU.Build.0 = Release|Any CPU
		{45A48A00-05B2-47DC-BE1C-E49B14535A5E}.Debug|Any CPU.ActiveCfg = Debug|Any CPU
		{45A48A00-05B2-47DC-BE1C-E49B14535A5E}.Debug|Any CPU.Build.0 = Debug|Any CPU
		{45A48A00-05B2-47DC-BE1C-E49B14535A5E}.Release|Any CPU.ActiveCfg = Release|Any CPU
		{45A48A00-05B2-47DC-BE1C-E49B14535A5E}.Release|Any CPU.Build.0 = Release|Any CPU
		{B9B59C53-E063-4D39-B454-F853474888E5}.Debug|Any CPU.ActiveCfg = Debug|Any CPU
		{B9B59C53-E063-4D39-B454-F853474888E5}.Debug|Any CPU.Build.0 = Debug|Any CPU
		{B9B59C53-E063-4D39-B454-F853474888E5}.Release|Any CPU.ActiveCfg = Release|Any CPU
		{B9B59C53-E063-4D39-B454-F853474888E5}.Release|Any CPU.Build.0 = Release|Any CPU
		{65FBC1B4-2BAA-4E67-BEDF-4C57F393864B}.Debug|Any CPU.ActiveCfg = Debug|Any CPU
		{65FBC1B4-2BAA-4E67-BEDF-4C57F393864B}.Debug|Any CPU.Build.0 = Debug|Any CPU
		{65FBC1B4-2BAA-4E67-BEDF-4C57F393864B}.Release|Any CPU.ActiveCfg = Release|Any CPU
		{65FBC1B4-2BAA-4E67-BEDF-4C57F393864B}.Release|Any CPU.Build.0 = Release|Any CPU
	EndGlobalSection
	GlobalSection(SolutionProperties) = preSolution
		HideSolutionNode = FALSE
	EndGlobalSection
	GlobalSection(NestedProjects) = preSolution
		{D80E3A06-9233-410F-A219-3C6C9B4A35F4} = {04569645-FA0D-47F6-A5DD-6A823F2EE304}
		{5DF96119-3F47-434C-B1D8-8CEFA05B704A} = {D80E3A06-9233-410F-A219-3C6C9B4A35F4}
		{56E2E2F9-B2BF-49F6-BE34-F96050E4CA6B} = {04569645-FA0D-47F6-A5DD-6A823F2EE304}
		{9E508E66-D705-4774-A77D-31A5F22905F7} = {56E2E2F9-B2BF-49F6-BE34-F96050E4CA6B}
		{B5530DCE-6E82-4D59-AFCE-4068E2D13FB0} = {04569645-FA0D-47F6-A5DD-6A823F2EE304}
		{78BDA076-A6B8-4B05-841A-6C6880265AEA} = {B5530DCE-6E82-4D59-AFCE-4068E2D13FB0}
		{7F7D7262-DEE4-4FFB-92D9-EA28ADBBDE7A} = {B5530DCE-6E82-4D59-AFCE-4068E2D13FB0}
		{7E2C5719-4890-44C9-8511-29FE8A2094EA} = {04569645-FA0D-47F6-A5DD-6A823F2EE304}
		{ABC0E7F5-B874-45E7-82FC-8563CBEC9A20} = {7E2C5719-4890-44C9-8511-29FE8A2094EA}
		{5679DC90-DD98-4B60-B232-9D5DB9CD2964} = {7E2C5719-4890-44C9-8511-29FE8A2094EA}
		{DCDC0D86-6F65-4E4D-9203-B77A02CEDC2A} = {7E2C5719-4890-44C9-8511-29FE8A2094EA}
		{942E4A16-5FD4-4652-AE26-C18CFA92E49E} = {7E2C5719-4890-44C9-8511-29FE8A2094EA}
		{AE439B38-145B-4408-AC38-6708959EAD1C} = {964BBB71-32D3-4A52-A823-1A0C06F366BD}
		{F15B1DC7-AFD1-4ECD-8914-180B9B7CA210} = {AF8CBEEC-C2D8-4A56-A408-041808FCC952}
		{45A48A00-05B2-47DC-BE1C-E49B14535A5E} = {AF8CBEEC-C2D8-4A56-A408-041808FCC952}
		{B9B59C53-E063-4D39-B454-F853474888E5} = {F948F47D-55E3-49A7-875C-2256DC3D0FAC}
		{65FBC1B4-2BAA-4E67-BEDF-4C57F393864B} = {964BBB71-32D3-4A52-A823-1A0C06F366BD}
	EndGlobalSection
	GlobalSection(ExtensibilityGlobals) = postSolution
		SolutionGuid = {AB0B0991-ECAF-4A54-954D-3E875DD20690}
	EndGlobalSection
EndGlobal
